
Microsoft Visual Studio Solution File, Format Version 12.00
# Visual Studio Version 16
VisualStudioVersion = 16.0.29306.81
MinimumVisualStudioVersion = 10.0.40219.1
Project("{FAE04EC0-301F-11D3-BF4B-00C04F79EFBC}") = "CSSerrializerLibraryTester", "CSSerrializerLibraryTester\CSSerrializerLibraryTester.csproj", "{A3B4C16F-C93C-463E-8C42-BECD2D0D61BF}"
EndProject
Global
	GlobalSection(SolutionConfigurationPlatforms) = preSolution
		Debug|Any CPU = Debug|Any CPU
		Release|Any CPU = Release|Any CPU
	EndGlobalSection
	GlobalSection(ProjectConfigurationPlatforms) = postSolution
		{A3B4C16F-C93C-463E-8C42-BECD2D0D61BF}.Debug|Any CPU.ActiveCfg = Debug|Any CPU
		{A3B4C16F-C93C-463E-8C42-BECD2D0D61BF}.Debug|Any CPU.Build.0 = Debug|Any CPU
		{A3B4C16F-C93C-463E-8C42-BECD2D0D61BF}.Release|Any CPU.ActiveCfg = Release|Any CPU
		{A3B4C16F-C93C-463E-8C42-BECD2D0D61BF}.Release|Any CPU.Build.0 = Release|Any CPU
	EndGlobalSection
	GlobalSection(SolutionProperties) = preSolution
		HideSolutionNode = FALSE
	EndGlobalSection
	GlobalSection(ExtensibilityGlobals) = postSolution
		SolutionGuid = {119A80BF-0006-4CCD-8656-8D7B9EDA8910}
	EndGlobalSection
EndGlobal
